
Microsoft Visual Studio Solution File, Format Version 12.00
# Visual Studio Version 17
VisualStudioVersion = 17.7.34221.43
MinimumVisualStudioVersion = 10.0.40219.1
Project("{FAE04EC0-301F-11D3-BF4B-00C04F79EFBC}") = "pract1c", "pract1c\pract1c.csproj", "{E0EF9EE2-63B3-4522-ADCD-348BA9AD2532}"
EndProject
Global
	GlobalSection(SolutionConfigurationPlatforms) = preSolution
		Debug|Any CPU = Debug|Any CPU
		Release|Any CPU = Release|Any CPU
	EndGlobalSection
	GlobalSection(ProjectConfigurationPlatforms) = postSolution
		{E0EF9EE2-63B3-4522-ADCD-348BA9AD2532}.Debug|Any CPU.ActiveCfg = Debug|Any CPU
		{E0EF9EE2-63B3-4522-ADCD-348BA9AD2532}.Debug|Any CPU.Build.0 = Debug|Any CPU
		{E0EF9EE2-63B3-4522-ADCD-348BA9AD2532}.Release|Any CPU.ActiveCfg = Release|Any CPU
		{E0EF9EE2-63B3-4522-ADCD-348BA9AD2532}.Release|Any CPU.Build.0 = Release|Any CPU
	EndGlobalSection
	GlobalSection(SolutionProperties) = preSolution
		HideSolutionNode = FALSE
	EndGlobalSection
	GlobalSection(ExtensibilityGlobals) = postSolution
		SolutionGuid = {9CBFA4F0-C038-43A3-ACA3-3530F0471255}
	EndGlobalSection
EndGlobal
